
Microsoft Visual Studio Solution File, Format Version 12.00
# Visual Studio Version 16
VisualStudioVersion = 16.0.30406.217
MinimumVisualStudioVersion = 10.0.40219.1
Project("{FAE04EC0-301F-11D3-BF4B-00C04F79EFBC}") = "Practica 4", "Practica 4.csproj", "{34845658-8330-498B-B834-E9484E652E18}"
EndProject
Global
	GlobalSection(SolutionConfigurationPlatforms) = preSolution
		Debug|Any CPU = Debug|Any CPU
		Release|Any CPU = Release|Any CPU
	EndGlobalSection
	GlobalSection(ProjectConfigurationPlatforms) = postSolution
		{34845658-8330-498B-B834-E9484E652E18}.Debug|Any CPU.ActiveCfg = Debug|Any CPU
		{34845658-8330-498B-B834-E9484E652E18}.Debug|Any CPU.Build.0 = Debug|Any CPU
		{34845658-8330-498B-B834-E9484E652E18}.Release|Any CPU.ActiveCfg = Release|Any CPU
		{34845658-8330-498B-B834-E9484E652E18}.Release|Any CPU.Build.0 = Release|Any CPU
	EndGlobalSection
	GlobalSection(SolutionProperties) = preSolution
		HideSolutionNode = FALSE
	EndGlobalSection
	GlobalSection(ExtensibilityGlobals) = postSolution
		SolutionGuid = {ED4DDDF8-7DC4-4385-B032-78AD0D6C4710}
	EndGlobalSection
EndGlobal
